{
    "_readme": [
        "This file locks the dependencies of your project to a known state",
        "Read more about it at http://getcomposer.org/doc/01-basic-usage.md#composer-lock-the-lock-file"
    ],
    "hash": "607dd93bdb7fd6d0b098796253ac0313",
    "packages": [
        {
            "name": "apy/breadcrumbtrail-bundle",
            "version": "dev-master",
            "target-dir": "APY/BreadcrumbTrailBundle",
            "source": {
                "type": "git",
                "url": "https://github.com/Abhoryo/APYBreadcrumbTrailBundle.git",
                "reference": "ce649e64432e83b0482c3f07c1b5924f48a94093"
            },
            "dist": {
                "type": "zip",
                "url": "https://api.github.com/repos/Abhoryo/APYBreadcrumbTrailBundle/zipball/ce649e64432e83b0482c3f07c1b5924f48a94093",
                "reference": "ce649e64432e83b0482c3f07c1b5924f48a94093",
                "shasum": ""
            },
            "require": {
                "php": ">=5.3.2",
                "symfony/framework-bundle": "2.*"
            },
            "suggest": {
                "ext-intl": "*"
            },
            "type": "symfony-bundle",
            "autoload": {
                "psr-0": {
                    "APY\\BreadcrumbTrailBundle": ""
                }
            },
            "notification-url": "https://packagist.org/downloads/",
            "authors": [
                {
                    "name": "Yoann Petit",
                    "email": "abhoryo@free.fr"
                }
            ],
            "description": "Symfony2 Breadcrumbs Bundle with annotations and PHP",
            "homepage": "https://github.com/Abhoryo/APYBreadcrumbTrailBundle",
            "keywords": [
                "Breadcrumb Trail",
                "annotation",
                "breadcrumbs",
                "fil ariane",
                "symfony"
            ],
            "time": "2013-12-19 17:47:37"
        },
        {
            "name": "doctrine/annotations",
            "version": "dev-master",
            "source": {
                "type": "git",
                "url": "https://github.com/doctrine/annotations.git",
                "reference": "a11349d39d85bef75a71bd69bd604ac4fb993f03"
            },
            "dist": {
                "type": "zip",
                "url": "https://api.github.com/repos/doctrine/annotations/zipball/a11349d39d85bef75a71bd69bd604ac4fb993f03",
                "reference": "a11349d39d85bef75a71bd69bd604ac4fb993f03",
                "shasum": ""
            },
            "require": {
                "doctrine/lexer": "1.*",
                "php": ">=5.3.2"
            },
            "require-dev": {
                "doctrine/cache": "1.*"
            },
            "type": "library",
            "extra": {
                "branch-alias": {
                    "dev-master": "1.2.x-dev"
                }
            },
            "autoload": {
                "psr-0": {
                    "Doctrine\\Common\\Annotations\\": "lib/"
                }
            },
            "notification-url": "https://packagist.org/downloads/",
            "license": [
                "MIT"
            ],
            "authors": [
                {
                    "name": "Jonathan H. Wage",
                    "email": "jonwage@gmail.com",
                    "homepage": "http://www.jwage.com/",
                    "role": "Creator"
                },
                {
                    "name": "Guilherme Blanco",
                    "email": "guilhermeblanco@gmail.com",
                    "homepage": "http://www.instaclick.com"
                },
                {
                    "name": "Roman Borschel",
                    "email": "roman@code-factory.org"
                },
                {
                    "name": "Benjamin Eberlei",
                    "email": "kontakt@beberlei.de"
                },
                {
                    "name": "Johannes Schmitt",
                    "email": "schmittjoh@gmail.com",
                    "homepage": "http://jmsyst.com",
                    "role": "Developer of wrapped JMSSerializerBundle"
                }
            ],
            "description": "Docblock Annotations Parser",
            "homepage": "http://www.doctrine-project.org",
            "keywords": [
                "annotations",
                "docblock",
                "parser"
            ],
            "time": "2013-12-20 21:39:07"
        },
        {
            "name": "doctrine/cache",
            "version": "dev-master",
            "source": {
                "type": "git",
                "url": "https://github.com/doctrine/cache.git",
                "reference": "36c4eee5051629524389da376ba270f15765e49f"
            },
            "dist": {
                "type": "zip",
                "url": "https://api.github.com/repos/doctrine/cache/zipball/36c4eee5051629524389da376ba270f15765e49f",
                "reference": "36c4eee5051629524389da376ba270f15765e49f",
                "shasum": ""
            },
            "require": {
                "php": ">=5.3.2"
            },
            "conflict": {
                "doctrine/common": ">2.2,<2.4"
            },
            "require-dev": {
                "phpunit/phpunit": ">=3.7",
                "satooshi/php-coveralls": "~0.6"
            },
            "type": "library",
            "extra": {
                "branch-alias": {
                    "dev-master": "1.4.x-dev"
                }
            },
            "autoload": {
                "psr-0": {
                    "Doctrine\\Common\\Cache\\": "lib/"
                }
            },
            "notification-url": "https://packagist.org/downloads/",
            "license": [
                "MIT"
            ],
            "authors": [
                {
                    "name": "Jonathan Wage",
                    "email": "jonwage@gmail.com",
                    "homepage": "http://www.jwage.com/",
                    "role": "Creator"
                },
                {
                    "name": "Guilherme Blanco",
                    "email": "guilhermeblanco@gmail.com",
                    "homepage": "http://www.instaclick.com"
                },
                {
                    "name": "Roman Borschel",
                    "email": "roman@code-factory.org"
                },
                {
                    "name": "Benjamin Eberlei",
                    "email": "kontakt@beberlei.de"
                },
                {
                    "name": "Johannes Schmitt",
                    "email": "schmittjoh@gmail.com",
                    "homepage": "http://jmsyst.com",
                    "role": "Developer of wrapped JMSSerializerBundle"
                }
            ],
            "description": "Caching library offering an object-oriented API for many cache backends",
            "homepage": "http://www.doctrine-project.org",
            "keywords": [
                "cache",
                "caching"
            ],
            "time": "2013-12-18 17:21:03"
        },
        {
            "name": "doctrine/collections",
            "version": "dev-master",
            "source": {
                "type": "git",
                "url": "https://github.com/doctrine/collections.git",
                "reference": "e6d8f1240e10f268c8e8c30e9e88a12853f84695"
            },
            "dist": {
                "type": "zip",
                "url": "https://api.github.com/repos/doctrine/collections/zipball/e6d8f1240e10f268c8e8c30e9e88a12853f84695",
                "reference": "e6d8f1240e10f268c8e8c30e9e88a12853f84695",
                "shasum": ""
            },
            "require": {
                "php": ">=5.3.2"
            },
            "type": "library",
            "extra": {
                "branch-alias": {
                    "dev-master": "1.2.x-dev"
                }
            },
            "autoload": {
                "psr-0": {
                    "Doctrine\\Common\\Collections\\": "lib/"
                }
            },
            "notification-url": "https://packagist.org/downloads/",
            "license": [
                "MIT"
            ],
            "authors": [
                {
                    "name": "Jonathan Wage",
                    "email": "jonwage@gmail.com",
                    "homepage": "http://www.jwage.com/",
                    "role": "Creator"
                },
                {
                    "name": "Guilherme Blanco",
                    "email": "guilhermeblanco@gmail.com",
                    "homepage": "http://www.instaclick.com"
                },
                {
                    "name": "Roman Borschel",
                    "email": "roman@code-factory.org"
                },
                {
                    "name": "Benjamin Eberlei",
                    "email": "kontakt@beberlei.de"
                },
                {
                    "name": "Johannes Schmitt",
                    "email": "schmittjoh@gmail.com",
                    "homepage": "http://jmsyst.com",
                    "role": "Developer of wrapped JMSSerializerBundle"
                }
            ],
            "description": "Collections Abstraction library",
            "homepage": "http://www.doctrine-project.org",
            "keywords": [
                "array",
                "collections",
                "iterator"
            ],
            "time": "2014-01-01 23:58:38"
        },
        {
            "name": "doctrine/common",
            "version": "2.4.x-dev",
            "source": {
                "type": "git",
                "url": "https://github.com/doctrine/common.git",
                "reference": "c94d6ff79e25418b1225e187c782bf4742f23a8b"
            },
            "dist": {
                "type": "zip",
                "url": "https://api.github.com/repos/doctrine/common/zipball/c94d6ff79e25418b1225e187c782bf4742f23a8b",
                "reference": "c94d6ff79e25418b1225e187c782bf4742f23a8b",
                "shasum": ""
            },
            "require": {
                "doctrine/annotations": "1.*",
                "doctrine/cache": "1.*",
                "doctrine/collections": "1.*",
                "doctrine/inflector": "1.*",
                "doctrine/lexer": "1.*",
                "php": ">=5.3.2"
            },
            "type": "library",
            "extra": {
                "branch-alias": {
                    "dev-master": "2.4.x-dev"
                }
            },
            "autoload": {
                "psr-0": {
                    "Doctrine\\Common\\": "lib/"
                }
            },
            "notification-url": "https://packagist.org/downloads/",
            "license": [
                "MIT"
            ],
            "authors": [
                {
                    "name": "Jonathan Wage",
                    "email": "jonwage@gmail.com",
                    "homepage": "http://www.jwage.com/",
                    "role": "Creator"
                },
                {
                    "name": "Guilherme Blanco",
                    "email": "guilhermeblanco@gmail.com",
                    "homepage": "http://www.instaclick.com"
                },
                {
                    "name": "Roman Borschel",
                    "email": "roman@code-factory.org"
                },
                {
                    "name": "Benjamin Eberlei",
                    "email": "kontakt@beberlei.de"
                },
                {
                    "name": "Johannes Schmitt",
                    "email": "schmittjoh@gmail.com",
                    "homepage": "http://jmsyst.com",
                    "role": "Developer of wrapped JMSSerializerBundle"
                }
            ],
            "description": "Common Library for Doctrine projects",
            "homepage": "http://www.doctrine-project.org",
            "keywords": [
                "annotations",
                "collections",
                "eventmanager",
                "persistence",
                "spl"
            ],
            "time": "2013-09-07 10:20:35"
        },
        {
            "name": "doctrine/inflector",
            "version": "dev-master",
            "source": {
                "type": "git",
                "url": "https://github.com/doctrine/inflector.git",
                "reference": "a81c334f2764b09e2f13a55cfd8fe3233946f728"
            },
            "dist": {
                "type": "zip",
                "url": "https://api.github.com/repos/doctrine/inflector/zipball/a81c334f2764b09e2f13a55cfd8fe3233946f728",
                "reference": "a81c334f2764b09e2f13a55cfd8fe3233946f728",
                "shasum": ""
            },
            "require": {
                "php": ">=5.3.2"
            },
            "type": "library",
            "extra": {
                "branch-alias": {
                    "dev-master": "1.0.x-dev"
                }
            },
            "autoload": {
                "psr-0": {
                    "Doctrine\\Common\\Inflector\\": "lib/"
                }
            },
            "notification-url": "https://packagist.org/downloads/",
            "license": [
                "MIT"
            ],
            "authors": [
                {
                    "name": "Jonathan Wage",
                    "email": "jonwage@gmail.com",
                    "homepage": "http://www.jwage.com/",
                    "role": "Creator"
                },
                {
                    "name": "Guilherme Blanco",
                    "email": "guilhermeblanco@gmail.com",
                    "homepage": "http://www.instaclick.com"
                },
                {
                    "name": "Roman Borschel",
                    "email": "roman@code-factory.org"
                },
                {
                    "name": "Benjamin Eberlei",
                    "email": "kontakt@beberlei.de"
                },
                {
                    "name": "Johannes Schmitt",
                    "email": "schmittjoh@gmail.com",
                    "homepage": "http://jmsyst.com",
                    "role": "Developer of wrapped JMSSerializerBundle"
                }
            ],
            "description": "Common String Manipulations with regard to casing and singular/plural rules.",
            "homepage": "http://www.doctrine-project.org",
            "keywords": [
                "inflection",
                "pluralize",
                "singularize",
                "string"
            ],
            "time": "2013-12-21 19:19:50"
        },
        {
            "name": "doctrine/lexer",
            "version": "dev-master",
            "source": {
                "type": "git",
                "url": "https://github.com/doctrine/lexer.git",
                "reference": "f12a5f74e5f4a9e3f558f3288504e121edfad891"
            },
            "dist": {
                "type": "zip",
                "url": "https://api.github.com/repos/doctrine/lexer/zipball/f12a5f74e5f4a9e3f558f3288504e121edfad891",
                "reference": "f12a5f74e5f4a9e3f558f3288504e121edfad891",
                "shasum": ""
            },
            "require": {
                "php": ">=5.3.2"
            },
            "type": "library",
            "extra": {
                "branch-alias": {
                    "dev-master": "1.0.x-dev"
                }
            },
            "autoload": {
                "psr-0": {
                    "Doctrine\\Common\\Lexer\\": "lib/"
                }
            },
            "notification-url": "https://packagist.org/downloads/",
            "license": [
                "MIT"
            ],
            "authors": [
                {
                    "name": "Guilherme Blanco",
                    "email": "guilhermeblanco@gmail.com",
                    "homepage": "http://www.instaclick.com"
                },
                {
                    "name": "Roman Borschel",
                    "email": "roman@code-factory.org"
                },
                {
                    "name": "Johannes Schmitt",
                    "email": "schmittjoh@gmail.com",
                    "homepage": "https://github.com/schmittjoh",
                    "role": "Developer of wrapped JMSSerializerBundle"
                }
            ],
            "description": "Base library for a lexer that can be used in Top-Down, Recursive Descent Parsers.",
            "homepage": "http://www.doctrine-project.org",
            "keywords": [
                "lexer",
                "parser"
            ],
            "time": "2013-12-20 21:39:00"
        },
        {
            "name": "friendsofsymfony/jsrouting-bundle",
            "version": "1.0.3",
            "target-dir": "FOS/JsRoutingBundle",
            "source": {
                "type": "git",
                "url": "https://github.com/FriendsOfSymfony/FOSJsRoutingBundle.git",
                "reference": "23e55fe0f9c4dd0f24427a4319847d9e934ccf13"
            },
            "dist": {
                "type": "zip",
                "url": "https://api.github.com/repos/FriendsOfSymfony/FOSJsRoutingBundle/zipball/23e55fe0f9c4dd0f24427a4319847d9e934ccf13",
                "reference": "23e55fe0f9c4dd0f24427a4319847d9e934ccf13",
                "shasum": ""
            },
            "require": {
                "php": ">=5.3.2",
                "symfony/framework-bundle": ">=2.0,<2.2-dev",
                "symfony/serializer": ">=2.0,<2.2-dev"
            },
            "type": "symfony-bundle",
            "extra": {
                "branch-alias": {
                    "dev-master": "1.0-dev"
                }
            },
            "autoload": {
                "psr-0": {
                    "FOS\\JsRoutingBundle": ""
                }
            },
            "notification-url": "https://packagist.org/downloads/",
            "license": [
                "MIT"
            ],
            "authors": [
                {
                    "name": "William Durand",
                    "email": "william.durand1@gmail.com",
                    "homepage": "http://www.willdurand.fr"
                },
                {
                    "name": "FriendsOfSymfony Community",
                    "homepage": "https://github.com/friendsofsymfony/FOSJsRoutingBundle/contributors"
                }
            ],
            "description": "Symfony FOSJsRoutingBundle",
            "homepage": "http://friendsofsymfony.github.com",
            "keywords": [
                "Js Routing"
            ],
            "time": "2012-10-22 13:35:23"
        },
        {
            "name": "fzaninotto/faker",
            "version": "dev-master",
            "source": {
                "type": "git",
                "url": "https://github.com/fzaninotto/Faker.git",
                "reference": "943647187cba1129171946b9800f15a722ab246a"
            },
            "dist": {
                "type": "zip",
                "url": "https://api.github.com/repos/fzaninotto/Faker/zipball/943647187cba1129171946b9800f15a722ab246a",
                "reference": "943647187cba1129171946b9800f15a722ab246a",
                "shasum": ""
            },
            "require": {
                "php": ">=5.3.3"
            },
            "type": "library",
            "extra": {
                "branch-alias": {
                    "dev-master": "1.4.x-dev"
                }
            },
            "autoload": {
                "psr-0": {
                    "Faker": "src/",
                    "Faker\\PHPUnit": "test/"
                }
            },
            "notification-url": "https://packagist.org/downloads/",
            "license": [
                "MIT"
            ],
            "authors": [
                {
                    "name": "François Zaninotto"
                }
            ],
            "description": "Faker is a PHP library that generates fake data for you.",
            "keywords": [
                "data",
                "faker",
                "fixtures"
            ],
            "time": "2014-01-30 08:24:11"
        },
        {
            "name": "jms/metadata",
            "version": "dev-master",
            "source": {
                "type": "git",
                "url": "https://github.com/schmittjoh/metadata.git",
                "reference": "f44eefc065e980d5fa2f1be5c4fd944f41855a6b"
            },
            "dist": {
                "type": "zip",
                "url": "https://api.github.com/repos/schmittjoh/metadata/zipball/f44eefc065e980d5fa2f1be5c4fd944f41855a6b",
                "reference": "f44eefc065e980d5fa2f1be5c4fd944f41855a6b",
                "shasum": ""
            },
            "require": {
                "php": ">=5.3.0"
            },
            "require-dev": {
                "doctrine/cache": "~1.0"
            },
            "type": "library",
            "extra": {
                "branch-alias": {
                    "dev-master": "1.5.x-dev"
                }
            },
            "autoload": {
                "psr-0": {
                    "Metadata\\": "src/"
                }
            },
            "notification-url": "https://packagist.org/downloads/",
            "license": [
                "Apache"
            ],
            "authors": [
                {
                    "name": "Johannes M. Schmitt",
                    "email": "schmittjoh@gmail.com",
                    "homepage": "http://jmsyst.com",
                    "role": "Developer of wrapped JMSSerializerBundle"
                }
            ],
            "description": "Class/method/property metadata management in PHP",
            "keywords": [
                "annotations",
                "metadata",
                "xml",
                "yaml"
            ],
            "time": "2013-12-21 14:45:50"
        },
        {
            "name": "mopa/bootstrap-bundle",
            "version": "2.1.x-dev",
            "target-dir": "Mopa/Bundle/BootstrapBundle",
            "source": {
                "type": "git",
                "url": "https://github.com/phiamo/MopaBootstrapBundle.git",
                "reference": "eb0d81b91a988e2dc3ca529efd85d8b3c11cc2a5"
            },
            "dist": {
                "type": "zip",
                "url": "https://api.github.com/repos/phiamo/MopaBootstrapBundle/zipball/eb0d81b91a988e2dc3ca529efd85d8b3c11cc2a5",
                "reference": "eb0d81b91a988e2dc3ca529efd85d8b3c11cc2a5",
                "shasum": ""
            },
            "require": {
                "mopa/composer-bridge": "1.*",
                "symfony/symfony": ">=2.1,<2.2-dev"
            },
            "suggest": {
                "craue/formflow-bundle": "dev-master",
                "jlong/sass-twitter-bootstrap": "dev-master",
                "knplabs/knp-menu-bundle": "2.0.*",
                "knplabs/knp-paginator-bundle": "dev-master",
                "twitter/bootstrap": "2.*"
            },
            "type": "symfony-bundle",
            "extra": {
                "branch-alias": {
                    "dev-master": "2.1.x-dev"
                }
            },
            "autoload": {
                "psr-0": {
                    "Mopa\\Bundle\\BootstrapBundle": ""
                }
            },
            "notification-url": "https://packagist.org/downloads/",
            "license": [
                "MIT"
            ],
            "authors": [
                {
                    "name": "Philipp A. Mohrenweiser",
                    "email": "phiamo@googlemail.com",
                    "homepage": "http://bootstrap.mohrenweiserpartner.de"
                },
                {
                    "name": "Community contributions",
                    "homepage": "https://github.com/phiamo/MopaBootstrapBundle/contributors"
                }
            ],
            "description": "Easy integration of twitters bootstrap into symfony2",
            "keywords": [
                "bootstrap",
                "bootstrap form",
                "extra form",
                "form",
                "template"
            ],
            "time": "2013-04-30 09:05:27"
        },
        {
            "name": "mopa/composer-bridge",
            "version": "dev-master",
            "source": {
                "type": "git",
                "url": "https://github.com/phiamo/MopaComposerBridge.git",
                "reference": "4ce791bfeabc5261da11cf4a949745d60dae711f"
            },
            "dist": {
                "type": "zip",
                "url": "https://api.github.com/repos/phiamo/MopaComposerBridge/zipball/4ce791bfeabc5261da11cf4a949745d60dae711f",
                "reference": "4ce791bfeabc5261da11cf4a949745d60dae711f",
                "shasum": ""
            },
            "require": {
                "symfony/console": "2.*"
            },
            "type": "symfony-bridge",
            "extra": {
                "branch-alias": {
                    "dev-master": "1.3.x-dev"
                }
            },
            "autoload": {
                "psr-0": {
                    "Mopa\\Bridge\\Composer": "src/"
                }
            },
            "notification-url": "https://packagist.org/downloads/",
            "license": [
                "MIT"
            ],
            "authors": [
                {
                    "name": "Philipp A. Mohrenweiser",
                    "email": "phiamo@googlemail.com",
                    "homepage": "http://bootstrap.mohrenweiserpartner.de"
                },
                {
                    "name": "Community contributions",
                    "homepage": "https://github.com/phiamo/MopaComposerBridge/contributors"
                }
            ],
            "description": "Symfony2 Composer Bridge",
            "homepage": "http://bootstrap.mohrenweiserpartner.de",
            "keywords": [
                "Symfony2",
                "composer"
            ],
            "time": "2013-09-10 10:06:34"
        },
        {
            "name": "nelmio/alice",
            "version": "1.3.0",
            "source": {
                "type": "git",
                "url": "https://github.com/nelmio/alice.git",
                "reference": "e5ccf7a7c0664ef40a5fe90a8f346c3eb23ce32d"
            },
            "dist": {
                "type": "zip",
                "url": "https://api.github.com/repos/nelmio/alice/zipball/e5ccf7a7c0664ef40a5fe90a8f346c3eb23ce32d",
                "reference": "e5ccf7a7c0664ef40a5fe90a8f346c3eb23ce32d",
                "shasum": ""
            },
            "require": {
                "fzaninotto/faker": "~1.0",
                "php": ">=5.3",
                "symfony/yaml": "~2.0"
            },
            "require-dev": {
                "doctrine/common": "~2.3",
                "phpunit/phpunit": "3.7.*",
                "symfony/form": "~2.1"
            },
            "type": "library",
            "extra": {
                "branch-alias": {
                    "dev-master": "1.0.x-dev"
                }
            },
            "autoload": {
                "psr-0": {
                    "Nelmio\\Alice\\": "src/"
                }
            },
            "notification-url": "https://packagist.org/downloads/",
            "license": [
                "MIT"
            ],
            "authors": [
                {
                    "name": "Nelmio",
                    "homepage": "http://nelm.io"
                }
            ],
            "description": "Expressive fixtures generator",
            "keywords": [
                "Fixture",
                "data",
                "orm",
                "test"
            ],
            "time": "2013-01-22 10:49:48"
        },
        {
            "name": "phing/phing",
            "version": "2.6.1",
            "source": {
                "type": "git",
                "url": "https://github.com/phingofficial/phing.git",
                "reference": "3f7d71bf561bafea39087250f777b349438cc32e"
            },
            "dist": {
                "type": "zip",
                "url": "https://api.github.com/repos/phingofficial/phing/zipball/3f7d71bf561bafea39087250f777b349438cc32e",
                "reference": "3f7d71bf561bafea39087250f777b349438cc32e",
                "shasum": ""
            },
            "require": {
                "php": ">=5.2.0"
            },
            "bin": [
                "bin/phing"
            ],
            "type": "library",
            "autoload": {
                "classmap": [
                    "classes/phing/"
                ]
            },
            "notification-url": "https://packagist.org/downloads/",
            "include-path": [
                "classes"
            ],
            "license": [
                "LGPL3"
            ],
            "authors": [
                {
                    "name": "Michiel Rook",
                    "email": "mrook@php.net"
                },
                {
                    "name": "Phing Community",
                    "homepage": "http://www.phing.info/trac/wiki/Development/Contributors"
                }
            ],
            "description": "PHing Is Not GNU make; it's a PHP project build system or build tool based on Apache Ant.",
            "homepage": "http://www.phing.info/",
            "keywords": [
                "build",
                "task",
                "tool"
            ],
            "time": "2013-08-26 21:13:03"
        },
        {
            "name": "propel/propel1",
            "version": "1.6.x-dev",
            "source": {
                "type": "git",
                "url": "https://github.com/propelorm/Propel.git",
                "reference": "d69fe28f0f0da02d298bc2c88bdb03ac76476cf3"
            },
            "dist": {
                "type": "zip",
                "url": "https://api.github.com/repos/propelorm/Propel/zipball/d69fe28f0f0da02d298bc2c88bdb03ac76476cf3",
                "reference": "d69fe28f0f0da02d298bc2c88bdb03ac76476cf3",
                "shasum": ""
            },
            "require": {
                "phing/phing": "~2.4",
                "php": ">=5.2.4"
            },
            "bin": [
                "generator/bin/propel-gen",
                "generator/bin/propel-gen.bat"
            ],
            "type": "library",
            "extra": {
                "branch-alias": {
                    "dev-master": "1.6-dev"
                }
            },
            "autoload": {
                "classmap": [
                    "runtime/lib",
                    "generator/lib"
                ]
            },
            "notification-url": "https://packagist.org/downloads/",
            "include-path": [
                "runtime/lib",
                "generator/lib"
            ],
            "license": [
                "MIT"
            ],
            "authors": [
                {
                    "name": "William Durand",
                    "email": "william.durand1@gmail.com",
                    "homepage": "http://www.willdurand.fr"
                }
            ],
            "description": "Propel is an open-source Object-Relational Mapping (ORM) for PHP5.",
            "homepage": "http://www.propelorm.org/",
            "keywords": [
                "Active Record",
                "database",
                "mapping",
                "orm",
                "persistence"
            ],
            "time": "2013-11-14 08:28:06"
        },
        {
            "name": "symfony/property-access",
            "version": "dev-master",
            "target-dir": "Symfony/Component/PropertyAccess",
            "source": {
                "type": "git",
                "url": "https://github.com/symfony/PropertyAccess.git",
                "reference": "0a1328b9b197753b2e19aaa24f05c21b2760f0b7"
            },
            "dist": {
                "type": "zip",
                "url": "https://api.github.com/repos/symfony/PropertyAccess/zipball/0a1328b9b197753b2e19aaa24f05c21b2760f0b7",
                "reference": "0a1328b9b197753b2e19aaa24f05c21b2760f0b7",
                "shasum": ""
            },
            "require": {
                "php": ">=5.3.3"
            },
            "type": "library",
            "extra": {
                "branch-alias": {
                    "dev-master": "2.5-dev"
                }
            },
            "autoload": {
                "psr-0": {
                    "Symfony\\Component\\PropertyAccess\\": ""
                }
            },
            "notification-url": "https://packagist.org/downloads/",
            "license": [
                "MIT"
            ],
            "authors": [
                {
                    "name": "Fabien Potencier",
                    "email": "fabien@symfony.com"
                },
                {
                    "name": "Symfony Community",
                    "homepage": "http://symfony.com/contributors"
                }
            ],
            "description": "Symfony PropertyAccess Component",
            "homepage": "http://symfony.com",
            "keywords": [
                "access",
                "array",
                "extraction",
                "index",
                "injection",
                "object",
                "property",
                "property path",
                "reflection"
            ],
            "time": "2014-01-07 13:29:57"
        },
        {
            "name": "symfony/symfony",
            "version": "2.1.x-dev",
            "source": {
                "type": "git",
                "url": "https://github.com/symfony/symfony.git",
                "reference": "fc0a09a2052e9275c16b5ab7af426935fe432f39"
            },
            "dist": {
                "type": "zip",
                "url": "https://api.github.com/repos/symfony/symfony/zipball/fc0a09a2052e9275c16b5ab7af426935fe432f39",
                "reference": "fc0a09a2052e9275c16b5ab7af426935fe432f39",
                "shasum": ""
            },
            "require": {
                "doctrine/common": "~2.2",
                "php": ">=5.3.3",
                "twig/twig": ">=1.9.1,<2.0-dev"
            },
            "replace": {
                "symfony/browser-kit": "self.version",
                "symfony/class-loader": "self.version",
                "symfony/config": "self.version",
                "symfony/console": "self.version",
                "symfony/css-selector": "self.version",
                "symfony/dependency-injection": "self.version",
                "symfony/doctrine-bridge": "self.version",
                "symfony/dom-crawler": "self.version",
                "symfony/event-dispatcher": "self.version",
                "symfony/filesystem": "self.version",
                "symfony/finder": "self.version",
                "symfony/form": "self.version",
                "symfony/framework-bundle": "self.version",
                "symfony/http-foundation": "self.version",
                "symfony/http-kernel": "self.version",
                "symfony/locale": "self.version",
                "symfony/monolog-bridge": "self.version",
                "symfony/options-resolver": "self.version",
                "symfony/process": "self.version",
                "symfony/propel1-bridge": "self.version",
                "symfony/routing": "self.version",
                "symfony/security": "self.version",
                "symfony/security-bundle": "self.version",
                "symfony/serializer": "self.version",
                "symfony/swiftmailer-bridge": "self.version",
                "symfony/templating": "self.version",
                "symfony/translation": "self.version",
                "symfony/twig-bridge": "self.version",
                "symfony/twig-bundle": "self.version",
                "symfony/validator": "self.version",
                "symfony/web-profiler-bundle": "self.version",
                "symfony/yaml": "self.version"
            },
            "require-dev": {
                "doctrine/data-fixtures": "1.0.*",
                "doctrine/dbal": ">=2.2,<2.4-dev",
                "doctrine/orm": ">=2.2.3,<2.4-dev",
                "monolog/monolog": ">=1.0,<1.3-dev",
                "propel/propel1": "dev-master"
            },
            "type": "library",
            "autoload": {
                "psr-0": {
                    "Symfony": "src/",
                    "SessionHandlerInterface": "src/Symfony/Component/HttpFoundation/Resources/stubs"
                }
            },
            "notification-url": "https://packagist.org/downloads/",
            "license": [
                "MIT"
            ],
            "authors": [
                {
                    "name": "Fabien Potencier",
                    "email": "fabien@symfony.com"
                },
                {
                    "name": "Symfony Community",
                    "homepage": "http://symfony.com/contributors"
                }
            ],
            "description": "The Symfony PHP framework",
            "homepage": "http://symfony.com",
            "keywords": [
                "framework"
            ],
            "time": "2013-10-10 11:03:57"
        },
        {
            "name": "tactics/breadcrumb-trail-bundle",
            "version": "dev-master",
            "target-dir": "Tactics/Bundle/BreadcrumbTrailBundle",
            "source": {
                "type": "git",
                "url": "git@github.com:Tactics/BreadcrumbTrailBundle",
                "reference": "fc7e933056e54addd63e08049b0524858f80b81b"
            },
            "require": {
                "apy/breadcrumbtrail-bundle": "dev-master",
                "propel/propel1": "1.6.*",
                "symfony/symfony": "2.1.*"
            },
            "require-dev": {
                "fzaninotto/faker": "dev-master",
                "sensio/framework-extra-bundle": "dev-master"
            },
            "type": "symfony-bundle",
            "autoload": {
                "psr-0": {
                    "Tactics\\Bundle\\BreadcrumbTrailBundle": ""
                }
            },
            "authors": [
                {
                    "name": "Gert Vrebos",
                    "email": "gert@tactics.be"
                }
            ],
            "description": "BreadcrumbTrailBundle",
            "keywords": [
                "breadcrumb",
                "bundle",
                "trail"
            ],
            "time": "2012-11-20 15:29:59"
        },
        {
            "name": "tactics/form-bundle",
            "version": "1.0.x-dev",
            "target-dir": "Tactics/Bundle/FormBundle",
            "source": {
                "type": "git",
                "url": "git@github.com:Tactics/FormBundle",
                "reference": "f5624eb09ade312af490f2a22aaa884a90f63753"
            },
            "require": {
                "mopa/bootstrap-bundle": "2.1.*",
                "symfony/symfony": "2.1.*"
            },
            "require-dev": {
                "fzaninotto/faker": "dev-master",
                "sensio/framework-extra-bundle": "dev-master"
            },
            "type": "symfony-bundle",
            "autoload": {
                "psr-0": {
                    "Tactics\\Bundle\\FormBundle": ""
                }
            },
            "authors": [
                {
                    "name": "Joris Hontelé",
                    "email": "joris@tactics.be"
                }
            ],
            "description": "FormBundle",
            "keywords": [
                "bundle",
                "form"
            ],
            "time": "2013-10-03 06:59:27"
        },
        {
            "name": "twig/twig",
            "version": "dev-master",
            "source": {
                "type": "git",
                "url": "https://github.com/fabpot/Twig.git",
                "reference": "e9e474847542bd30c394c6aca81a04ea7bc0a5b3"
            },
            "dist": {
                "type": "zip",
                "url": "https://api.github.com/repos/fabpot/Twig/zipball/e9e474847542bd30c394c6aca81a04ea7bc0a5b3",
                "reference": "e9e474847542bd30c394c6aca81a04ea7bc0a5b3",
                "shasum": ""
            },
            "require": {
                "php": ">=5.2.4"
            },
            "type": "library",
            "extra": {
                "branch-alias": {
                    "dev-master": "1.15-dev"
                }
            },
            "autoload": {
                "psr-0": {
                    "Twig_": "lib/"
                }
            },
            "notification-url": "https://packagist.org/downloads/",
            "license": [
                "BSD-3-Clause"
            ],
            "authors": [
                {
                    "name": "Fabien Potencier",
                    "email": "fabien@symfony.com"
                },
                {
                    "name": "Armin Ronacher",
                    "email": "armin.ronacher@active-4.com"
                }
            ],
            "description": "Twig, the flexible, fast, and secure template language for PHP",
            "homepage": "http://twig.sensiolabs.org",
            "keywords": [
                "templating"
            ],
            "time": "2014-01-29 08:45:07"
        },
        {
            "name": "vich/uploader-bundle",
            "version": "dev-master",
            "target-dir": "Vich/UploaderBundle",
            "source": {
                "type": "git",
                "url": "https://github.com/dustin10/VichUploaderBundle.git",
                "reference": "0a48513a67df9f7a05b0378738ced2c603f96259"
            },
            "dist": {
                "type": "zip",
                "url": "https://api.github.com/repos/dustin10/VichUploaderBundle/zipball/0a48513a67df9f7a05b0378738ced2c603f96259",
                "reference": "0a48513a67df9f7a05b0378738ced2c603f96259",
                "shasum": ""
            },
            "require": {
                "jms/metadata": "~1.5",
                "php": ">=5.3.2",
                "symfony/finder": ">=2.0",
                "symfony/framework-bundle": "~2.0",
                "symfony/property-access": "~2.3"
            },
            "require-dev": {
                "doctrine/mongodb-odm": "@dev",
                "doctrine/orm": "@stable",
                "knplabs/knp-gaufrette-bundle": "*",
                "mikey179/vfsstream": "~1.0",
                "phpunit/phpunit": "~3.7",
                "symfony/yaml": "@stable"
            },
            "suggest": {
                "doctrine/doctrine-bundle": "*",
                "doctrine/mongodb-odm-bundle": "*",
                "doctrine/orm": "*",
                "knplabs/knp-gaufrette-bundle": "*",
                "symfony/yaml": "@stable"
            },
            "type": "symfony-bundle",
            "autoload": {
                "psr-0": {
                    "Vich\\UploaderBundle": ""
                }
            },
            "notification-url": "https://packagist.org/downloads/",
            "license": [
                "MIT"
            ],
            "authors": [
                {
                    "name": "Dustin Dobervich",
                    "email": "ddobervich@gmail.com",
                    "homepage": "http://www.dobervich.com"
                }
            ],
            "description": "Ease file uploads attached to entities",
            "homepage": "https://github.com/dustin10/VichUploaderBundle",
            "keywords": [
                "file uploads",
                "upload"
            ],
            "time": "2014-01-29 21:34:37"
        }
    ],
    "packages-dev": [
        {
            "name": "sensio/framework-extra-bundle",
            "version": "2.1.x-dev",
            "target-dir": "Sensio/Bundle/FrameworkExtraBundle",
            "source": {
                "type": "git",
                "url": "https://github.com/sensiolabs/SensioFrameworkExtraBundle.git",
                "reference": "dcbd6941763c42a597085e35f9491c771290efc8"
            },
            "dist": {
                "type": "zip",
                "url": "https://api.github.com/repos/sensiolabs/SensioFrameworkExtraBundle/zipball/dcbd6941763c42a597085e35f9491c771290efc8",
                "reference": "dcbd6941763c42a597085e35f9491c771290efc8",
                "shasum": ""
            },
            "require": {
                "doctrine/common": ">=2.1,<2.5-dev",
                "symfony/framework-bundle": "2.1.*"
            },
            "type": "symfony-bundle",
            "extra": {
                "branch-alias": {
                    "dev-master": "2.1.x-dev"
                }
            },
            "autoload": {
                "psr-0": {
                    "Sensio\\Bundle\\FrameworkExtraBundle": ""
                }
            },
            "notification-url": "https://packagist.org/downloads/",
            "license": [
                "MIT"
            ],
            "authors": [
                {
                    "name": "Fabien Potencier",
                    "email": "fabien@symfony.com"
                }
            ],
            "description": "This bundle provides a way to configure your controllers with annotations",
            "keywords": [
                "annotations",
                "controllers"
            ],
            "time": "2013-04-05 06:59:04"
        }
    ],
    "aliases": [

    ],
    "minimum-stability": "dev",
    "stability-flags": {
        "vich/uploader-bundle": 20,
        "tactics/breadcrumb-trail-bundle": 20
    },
    "platform": [

    ],
    "platform-dev": [

    ]
}
